
Microsoft Visual Studio Solution File, Format Version 12.00
# Visual Studio Version 17
VisualStudioVersion = 17.8.34511.84
MinimumVisualStudioVersion = 10.0.40219.1
Project("{9A19103F-16F7-4668-BE54-9A1E7A4F7556}") = "LINQ-Query-Console-App-C-Sharp", "LINQ-Query-Console-App-C-Sharp.csproj", "{2902ED91-CC4C-455F-B62A-E7D28DB5A46B}"
EndProject
Global
	GlobalSection(SolutionConfigurationPlatforms) = preSolution
		Debug|Any CPU = Debug|Any CPU
		Release|Any CPU = Release|Any CPU
	EndGlobalSection
	GlobalSection(ProjectConfigurationPlatforms) = postSolution
		{2902ED91-CC4C-455F-B62A-E7D28DB5A46B}.Debug|Any CPU.ActiveCfg = Debug|Any CPU
		{2902ED91-CC4C-455F-B62A-E7D28DB5A46B}.Debug|Any CPU.Build.0 = Debug|Any CPU
		{2902ED91-CC4C-455F-B62A-E7D28DB5A46B}.Release|Any CPU.ActiveCfg = Release|Any CPU
		{2902ED91-CC4C-455F-B62A-E7D28DB5A46B}.Release|Any CPU.Build.0 = Release|Any CPU
	EndGlobalSection
	GlobalSection(SolutionProperties) = preSolution
		HideSolutionNode = FALSE
	EndGlobalSection
	GlobalSection(ExtensibilityGlobals) = postSolution
		SolutionGuid = {2A91D709-3E32-443E-9AF0-79ABB8F69093}
	EndGlobalSection
EndGlobal
